
Microsoft Visual Studio Solution File, Format Version 12.00
# Visual Studio 15
VisualStudioVersion = 15.0.27004.2009
MinimumVisualStudioVersion = 10.0.40219.1
Project("{FAE04EC0-301F-11D3-BF4B-00C04F79EFBC}") = "認識資料模型Customer", "認識資料模型Customer\認識資料模型Customer.csproj", "{EE519D27-DA03-4E2A-9180-4C4CD563DE2A}"
EndProject
Global
	GlobalSection(SolutionConfigurationPlatforms) = preSolution
		Debug|Any CPU = Debug|Any CPU
		Release|Any CPU = Release|Any CPU
	EndGlobalSection
	GlobalSection(ProjectConfigurationPlatforms) = postSolution
		{EE519D27-DA03-4E2A-9180-4C4CD563DE2A}.Debug|Any CPU.ActiveCfg = Debug|Any CPU
		{EE519D27-DA03-4E2A-9180-4C4CD563DE2A}.Debug|Any CPU.Build.0 = Debug|Any CPU
		{EE519D27-DA03-4E2A-9180-4C4CD563DE2A}.Release|Any CPU.ActiveCfg = Release|Any CPU
		{EE519D27-DA03-4E2A-9180-4C4CD563DE2A}.Release|Any CPU.Build.0 = Release|Any CPU
	EndGlobalSection
	GlobalSection(SolutionProperties) = preSolution
		HideSolutionNode = FALSE
	EndGlobalSection
	GlobalSection(ExtensibilityGlobals) = postSolution
		SolutionGuid = {BC16893C-80F3-4F4F-950A-47D168E11F66}
	EndGlobalSection
EndGlobal
